PODS:
  - AFNetworking (3.2.1):
    - AFNetworking/NSURLSession (= 3.2.1)
    - AFNetworking/Reachability (= 3.2.1)
    - AFNetworking/Security (= 3.2.1)
    - AFNetworking/Serialization (= 3.2.1)
    - AFNetworking/UIKit (= 3.2.1)
  - AFNetworking/NSURLSession (3.2.1):
    - AFNetworking/Reachability
    - AFNetworking/Security
    - AFNetworking/Serialization
  - AFNetworking/Reachability (3.2.1)
  - AFNetworking/Security (3.2.1)
  - AFNetworking/Serialization (3.2.1)
  - AFNetworking/UIKit (3.2.1):
    - AFNetworking/NSURLSession
  - mpplib (1.0.7):
    - AFNetworking (~> 3.2.0)
  - Nuke (9.2.2)
  - Toaster (2.3.0)

DEPENDENCIES:
  - mpplib (from `../Idle.podspec`)
  - Nuke (= 9.2.2)
  - Toaster (~> 2.3.0)

SPEC REPOS:
  trunk:
    - AFNetworking
    - Nuke
    - Toaster

EXTERNAL SOURCES:
  mpplib:
    :path: "../Idle.podspec"

SPEC CHECKSUMS:
  AFNetworking: b6f891fdfaed196b46c7a83cf209e09697b94057
  mpplib: 911d0beaa403b75270674def4768bc1c069d3b39
  Nuke: 977324335953a448b3d83e0ef3b4ce4775b155f7
  Toaster: c3473963c78e8cabbf6ea6f11ad0fdaae6f54987

PODFILE CHECKSUM: 7f51930f5e80de34d7f50a195ce68ed34b369a7f

COCOAPODS: 1.10.0
