PODS:
  - AFNetworking (3.2.1):
    - AFNetworking/NSURLSession (= 3.2.1)
    - AFNetworking/Reachability (= 3.2.1)
    - AFNetworking/Security (= 3.2.1)
    - AFNetworking/Serialization (= 3.2.1)
    - AFNetworking/UIKit (= 3.2.1)
  - AFNetworking/NSURLSession (3.2.1):
    - AFNetworking/Reachability
    - AFNetworking/Security
    - AFNetworking/Serialization
  - AFNetworking/Reachability (3.2.1)
  - AFNetworking/Security (3.2.1)
  - AFNetworking/Serialization (3.2.1)
  - AFNetworking/UIKit (3.2.1):
    - AFNetworking/NSURLSession
  - mpplib (1.0.7):
    - AFNetworking (~> 3.2.0)
  - Nuke (9.2.2)
  - Toaster (2.3.0)

DEPENDENCIES:
  - mpplib (from `../mpplib`)
  - Nuke (= 9.2.2)
  - Toaster (~> 2.3.0)

SPEC REPOS:
  trunk:
    - AFNetworking
    - Nuke
    - Toaster

EXTERNAL SOURCES:
  mpplib:
    :path: "../mpplib"

SPEC CHECKSUMS:
  AFNetworking: b6f891fdfaed196b46c7a83cf209e09697b94057
  mpplib: a0d5244d76dcf7afca733e60e351450ab3a7c96c
  Nuke: 977324335953a448b3d83e0ef3b4ce4775b155f7
  Toaster: c3473963c78e8cabbf6ea6f11ad0fdaae6f54987

PODFILE CHECKSUM: d3006679c91f1d8d442ab244088c2dd35388b324

COCOAPODS: 1.10.0
