PODS:
  - AFNetworking (3.2.1):
    - AFNetworking/NSURLSession (= 3.2.1)
    - AFNetworking/Reachability (= 3.2.1)
    - AFNetworking/Security (= 3.2.1)
    - AFNetworking/Serialization (= 3.2.1)
    - AFNetworking/UIKit (= 3.2.1)
  - AFNetworking/NSURLSession (3.2.1):
    - AFNetworking/Reachability
    - AFNetworking/Security
    - AFNetworking/Serialization
  - AFNetworking/Reachability (3.2.1)
  - AFNetworking/Security (3.2.1)
  - AFNetworking/Serialization (3.2.1)
  - AFNetworking/UIKit (3.2.1):
    - AFNetworking/NSURLSession
  - mpplib (1.0.7):
    - AFNetworking (~> 3.2.0)
  - Nuke (7.6.3)
  - Toaster (2.2.0)

DEPENDENCIES:
  - mpplib (from `/Users/wuhaibao/IdeaProjects/Idle/mpplib`)
  - Nuke (= 7.6.3)
  - Toaster

SPEC REPOS:
  https://github.com/cocoapods/specs.git:
    - AFNetworking
    - Nuke
    - Toaster

EXTERNAL SOURCES:
  mpplib:
    :path: "/Users/wuhaibao/IdeaProjects/Idle/mpplib"

SPEC CHECKSUMS:
  AFNetworking: b6f891fdfaed196b46c7a83cf209e09697b94057
  mpplib: 728371ebe11c072779498b7e7f0fe338f9662600
  Nuke: 44130e95e09463f8773ae4b96b90de1eba6b3350
  Toaster: c1a81b376edcc2470157b4d1ee1e9341d3b96455

PODFILE CHECKSUM: 8901fb399436e5526f8111132a2676a224c313be

COCOAPODS: 1.7.1
